
Microsoft Visual Studio Solution File, Format Version 12.00
# Visual Studio Version 16
VisualStudioVersion = 16.0.34031.81
MinimumVisualStudioVersion = 10.0.40219.1
Project("{2150E333-8FDC-42A3-9474-1A3956D46DE8}") = "Task0", "Task0", "{F6F123B2-94D0-4792-B8C6-A5927DB767D7}"
EndProject
Project("{FAE04EC0-301F-11D3-BF4B-00C04F79EFBC}") = "Tyuiu.DudkovIE.Sprint2.Task0.V29", "Tyuiu.DudkovIE.Sprint2.Task0.V29\Tyuiu.DudkovIE.Sprint2.Task0.V29.csproj", "{BFB322C1-98ED-438A-BA46-5899A69C95FC}"
EndProject
Project("{FAE04EC0-301F-11D3-BF4B-00C04F79EFBC}") = "Tyuiu.DudkovIE.Sprint2.Task0.V29.Lib", "Tyuiu.DudkovIE.Sprint2.Task0.V29.Lib\Tyuiu.DudkovIE.Sprint2.Task0.V29.Lib.csproj", "{DECF5FF8-EDA1-4B91-9A79-11D0293B99DC}"
EndProject
Project("{FAE04EC0-301F-11D3-BF4B-00C04F79EFBC}") = "Tyuiu.DudkovIE.Sprint2.Task0.V29.Test", "Tyuiu.DudkovIE.Sprint2.Task0.V29.Test\Tyuiu.DudkovIE.Sprint2.Task0.V29.Test.csproj", "{BD2039D9-4210-4F28-969D-04FAD7A83BE7}"
EndProject
Project("{2150E333-8FDC-42A3-9474-1A3956D46DE8}") = "Task1", "Task1", "{7EF01F7C-F3D3-47B1-A49A-BBB257FED2BD}"
EndProject
Project("{FAE04EC0-301F-11D3-BF4B-00C04F79EFBC}") = "Tyuiu.DudkovIE.Sprint2.Task1.V15", "Tyuiu.DudkovIE.Sprint2.Task1.V15\Tyuiu.DudkovIE.Sprint2.Task1.V15.csproj", "{ECC641D6-79F9-4686-A710-11ED2B2ADF12}"
EndProject
Project("{FAE04EC0-301F-11D3-BF4B-00C04F79EFBC}") = "Tyuiu.DudkovIE.Sprint2.Task1.V15.Lib", "Tyuiu.DudkovIE.Sprint2.Task1.V15.Lib\Tyuiu.DudkovIE.Sprint2.Task1.V15.Lib.csproj", "{80DB7486-7A4C-4110-9FE3-C697D1598627}"
EndProject
Project("{FAE04EC0-301F-11D3-BF4B-00C04F79EFBC}") = "Tyuiu.DudkovIE.Sprint2.Task1.V15.Test", "Tyuiu.DudkovIE.Sprint2.Task1.V15.Test\Tyuiu.DudkovIE.Sprint2.Task1.V15.Test.csproj", "{D70B95FA-2307-4CE8-B5DC-F9B5B802711F}"
EndProject
Project("{2150E333-8FDC-42A3-9474-1A3956D46DE8}") = "Task2", "Task2", "{0871C2A5-BE29-4F3C-9E3E-3D9E3161EE85}"
EndProject
Project("{FAE04EC0-301F-11D3-BF4B-00C04F79EFBC}") = "Tyuiu.DudkovIE.Sprint2.Task2.V27", "Tyuiu.DudkovIE.Sprint2.Task2.V27\Tyuiu.DudkovIE.Sprint2.Task2.V27.csproj", "{4D4A1C8B-1D79-49D1-95BC-954120645892}"
EndProject
Project("{FAE04EC0-301F-11D3-BF4B-00C04F79EFBC}") = "Tyuiu.DudkovIE.Sprint2.Task2.V27.Lib", "Tyuiu.DudkovIE.Sprint2.Task2.V27.Lib\Tyuiu.DudkovIE.Sprint2.Task2.V27.Lib.csproj", "{DAA58EAE-0423-4545-9DB3-71086D84F02E}"
EndProject
Project("{FAE04EC0-301F-11D3-BF4B-00C04F79EFBC}") = "Tyuiu.DudkovIE.Sprint2.Task2.V27.Test", "Tyuiu.DudkovIE.Sprint2.Task2.V27.Test\Tyuiu.DudkovIE.Sprint2.Task2.V27.Test.csproj", "{1391366F-B181-4650-960A-FFF17F232830}"
EndProject
Project("{2150E333-8FDC-42A3-9474-1A3956D46DE8}") = "Task3", "Task3", "{105A0BA2-D466-4840-A97D-FD48D34DAF3B}"
EndProject
Project("{FAE04EC0-301F-11D3-BF4B-00C04F79EFBC}") = "Tyuiu.DudkovIE.Sprint2.Task3.V11", "Tyuiu.DudkovIE.Sprint2.Task3.V11\Tyuiu.DudkovIE.Sprint2.Task3.V11.csproj", "{1DCBC239-4082-4653-A8AD-D6356E36FF0A}"
EndProject
Project("{FAE04EC0-301F-11D3-BF4B-00C04F79EFBC}") = "Tyuiu.DudkovIE.Sprint2.Task3.V11.Lib", "Tyuiu.DudkovIE.Sprint2.Task3.V11.Lib\Tyuiu.DudkovIE.Sprint2.Task3.V11.Lib.csproj", "{AE95020A-C46E-45CC-A7E8-D2626D2CF0C7}"
EndProject
Project("{FAE04EC0-301F-11D3-BF4B-00C04F79EFBC}") = "Tyuiu.DudkovIE.Sprint2.Task3.V11.Test", "Tyuiu.DudkovIE.Sprint2.Task3.V11.Test\Tyuiu.DudkovIE.Sprint2.Task3.V11.Test.csproj", "{A42FC141-88E6-489F-9A47-FD9A199D8CEC}"
EndProject
Project("{2150E333-8FDC-42A3-9474-1A3956D46DE8}") = "Task4", "Task4", "{33AB832C-42F2-4959-B799-12656D27DA9D}"
EndProject
Project("{FAE04EC0-301F-11D3-BF4B-00C04F79EFBC}") = "Tyuiu.DudkovIE.Sprint2.Task4.V6", "Tyuiu.DudkovIE.Sprint2.Task4.V6\Tyuiu.DudkovIE.Sprint2.Task4.V6.csproj", "{9E81197A-557F-427D-ABE4-A2D5C784EC65}"
EndProject
Project("{FAE04EC0-301F-11D3-BF4B-00C04F79EFBC}") = "Tyuiu.DudkovIE.Sprint2.Task4.V6.Lib", "Tyuiu.DudkovIE.Sprint2.Task4.V6.Lib\Tyuiu.DudkovIE.Sprint2.Task4.V6.Lib.csproj", "{E7FA98BA-2BBC-48E1-B9E5-8F83F3F742ED}"
EndProject
Project("{FAE04EC0-301F-11D3-BF4B-00C04F79EFBC}") = "Tyuiu.DudkovIE.Sprint2.Task4.V6.Test", "Tyuiu.DudkovIE.Sprint2.Task4.V6.Test\Tyuiu.DudkovIE.Sprint2.Task4.V6.Test.csproj", "{CFF7B5F0-ECB9-4AB3-8174-9454F32B1986}"
EndProject
Project("{2150E333-8FDC-42A3-9474-1A3956D46DE8}") = "Task5", "Task5", "{4B53F1B5-9D1E-41EE-AF1A-0448996D7C5F}"
EndProject
Project("{FAE04EC0-301F-11D3-BF4B-00C04F79EFBC}") = "Tyuiu.DudkovIE.Sprint2.Task5.V15", "Tyuiu.DudkovIE.Sprint2.Task5.V15\Tyuiu.DudkovIE.Sprint2.Task5.V15.csproj", "{13EE5B5D-FEC5-4249-A0E9-207251BBABA0}"
EndProject
Project("{FAE04EC0-301F-11D3-BF4B-00C04F79EFBC}") = "Tyuiu.DudkovIE.Sprint2.Task5.V15.Lib", "Tyuiu.DudkovIE.Sprint2.Task5.V15.Lib\Tyuiu.DudkovIE.Sprint2.Task5.V15.Lib.csproj", "{F9F1505E-FC1A-4B29-9BA1-E419078CE1AA}"
EndProject
Project("{FAE04EC0-301F-11D3-BF4B-00C04F79EFBC}") = "Tyuiu.DudkovIE.Sprint2.Task5.V15.Test", "Tyuiu.DudkovIE.Sprint2.Task5.V15.Test\Tyuiu.DudkovIE.Sprint2.Task5.V15.Test.csproj", "{A03BC798-996C-4E79-A5A0-7DEA20609B4F}"
EndProject
Global
	GlobalSection(SolutionConfigurationPlatforms) = preSolution
		Debug|Any CPU = Debug|Any CPU
		Release|Any CPU = Release|Any CPU
	EndGlobalSection
	GlobalSection(ProjectConfigurationPlatforms) = postSolution
		{BFB322C1-98ED-438A-BA46-5899A69C95FC}.Debug|Any CPU.ActiveCfg = Debug|Any CPU
		{BFB322C1-98ED-438A-BA46-5899A69C95FC}.Debug|Any CPU.Build.0 = Debug|Any CPU
		{BFB322C1-98ED-438A-BA46-5899A69C95FC}.Release|Any CPU.ActiveCfg = Release|Any CPU
		{BFB322C1-98ED-438A-BA46-5899A69C95FC}.Release|Any CPU.Build.0 = Release|Any CPU
		{DECF5FF8-EDA1-4B91-9A79-11D0293B99DC}.Debug|Any CPU.ActiveCfg = Debug|Any CPU
		{DECF5FF8-EDA1-4B91-9A79-11D0293B99DC}.Debug|Any CPU.Build.0 = Debug|Any CPU
		{DECF5FF8-EDA1-4B91-9A79-11D0293B99DC}.Release|Any CPU.ActiveCfg = Release|Any CPU
		{DECF5FF8-EDA1-4B91-9A79-11D0293B99DC}.Release|Any CPU.Build.0 = Release|Any CPU
		{BD2039D9-4210-4F28-969D-04FAD7A83BE7}.Debug|Any CPU.ActiveCfg = Debug|Any CPU
		{BD2039D9-4210-4F28-969D-04FAD7A83BE7}.Debug|Any CPU.Build.0 = Debug|Any CPU
		{BD2039D9-4210-4F28-969D-04FAD7A83BE7}.Release|Any CPU.ActiveCfg = Release|Any CPU
		{BD2039D9-4210-4F28-969D-04FAD7A83BE7}.Release|Any CPU.Build.0 = Release|Any CPU
		{ECC641D6-79F9-4686-A710-11ED2B2ADF12}.Debug|Any CPU.ActiveCfg = Debug|Any CPU
		{ECC641D6-79F9-4686-A710-11ED2B2ADF12}.Debug|Any CPU.Build.0 = Debug|Any CPU
		{ECC641D6-79F9-4686-A710-11ED2B2ADF12}.Release|Any CPU.ActiveCfg = Release|Any CPU
		{ECC641D6-79F9-4686-A710-11ED2B2ADF12}.Release|Any CPU.Build.0 = Release|Any CPU
		{80DB7486-7A4C-4110-9FE3-C697D1598627}.Debug|Any CPU.ActiveCfg = Debug|Any CPU
		{80DB7486-7A4C-4110-9FE3-C697D1598627}.Debug|Any CPU.Build.0 = Debug|Any CPU
		{80DB7486-7A4C-4110-9FE3-C697D1598627}.Release|Any CPU.ActiveCfg = Release|Any CPU
		{80DB7486-7A4C-4110-9FE3-C697D1598627}.Release|Any CPU.Build.0 = Release|Any CPU
		{D70B95FA-2307-4CE8-B5DC-F9B5B802711F}.Debug|Any CPU.ActiveCfg = Debug|Any CPU
		{D70B95FA-2307-4CE8-B5DC-F9B5B802711F}.Debug|Any CPU.Build.0 = Debug|Any CPU
		{D70B95FA-2307-4CE8-B5DC-F9B5B802711F}.Release|Any CPU.ActiveCfg = Release|Any CPU
		{D70B95FA-2307-4CE8-B5DC-F9B5B802711F}.Release|Any CPU.Build.0 = Release|Any CPU
		{4D4A1C8B-1D79-49D1-95BC-954120645892}.Debug|Any CPU.ActiveCfg = Debug|Any CPU
		{4D4A1C8B-1D79-49D1-95BC-954120645892}.Debug|Any CPU.Build.0 = Debug|Any CPU
		{4D4A1C8B-1D79-49D1-95BC-954120645892}.Release|Any CPU.ActiveCfg = Release|Any CPU
		{4D4A1C8B-1D79-49D1-95BC-954120645892}.Release|Any CPU.Build.0 = Release|Any CPU
		{DAA58EAE-0423-4545-9DB3-71086D84F02E}.Debug|Any CPU.ActiveCfg = Debug|Any CPU
		{DAA58EAE-0423-4545-9DB3-71086D84F02E}.Debug|Any CPU.Build.0 = Debug|Any CPU
		{DAA58EAE-0423-4545-9DB3-71086D84F02E}.Release|Any CPU.ActiveCfg = Release|Any CPU
		{DAA58EAE-0423-4545-9DB3-71086D84F02E}.Release|Any CPU.Build.0 = Release|Any CPU
		{1391366F-B181-4650-960A-FFF17F232830}.Debug|Any CPU.ActiveCfg = Debug|Any CPU
		{1391366F-B181-4650-960A-FFF17F232830}.Debug|Any CPU.Build.0 = Debug|Any CPU
		{1391366F-B181-4650-960A-FFF17F232830}.Release|Any CPU.ActiveCfg = Release|Any CPU
		{1391366F-B181-4650-960A-FFF17F232830}.Release|Any CPU.Build.0 = Release|Any CPU
		{1DCBC239-4082-4653-A8AD-D6356E36FF0A}.Debug|Any CPU.ActiveCfg = Debug|Any CPU
		{1DCBC239-4082-4653-A8AD-D6356E36FF0A}.Debug|Any CPU.Build.0 = Debug|Any CPU
		{1DCBC239-4082-4653-A8AD-D6356E36FF0A}.Release|Any CPU.ActiveCfg = Release|Any CPU
		{1DCBC239-4082-4653-A8AD-D6356E36FF0A}.Release|Any CPU.Build.0 = Release|Any CPU
		{AE95020A-C46E-45CC-A7E8-D2626D2CF0C7}.Debug|Any CPU.ActiveCfg = Debug|Any CPU
		{AE95020A-C46E-45CC-A7E8-D2626D2CF0C7}.Debug|Any CPU.Build.0 = Debug|Any CPU
		{AE95020A-C46E-45CC-A7E8-D2626D2CF0C7}.Release|Any CPU.ActiveCfg = Release|Any CPU
		{AE95020A-C46E-45CC-A7E8-D2626D2CF0C7}.Release|Any CPU.Build.0 = Release|Any CPU
		{A42FC141-88E6-489F-9A47-FD9A199D8CEC}.Debug|Any CPU.ActiveCfg = Debug|Any CPU
		{A42FC141-88E6-489F-9A47-FD9A199D8CEC}.Debug|Any CPU.Build.0 = Debug|Any CPU
		{A42FC141-88E6-489F-9A47-FD9A199D8CEC}.Release|Any CPU.ActiveCfg = Release|Any CPU
		{A42FC141-88E6-489F-9A47-FD9A199D8CEC}.Release|Any CPU.Build.0 = Release|Any CPU
		{9E81197A-557F-427D-ABE4-A2D5C784EC65}.Debug|Any CPU.ActiveCfg = Debug|Any CPU
		{9E81197A-557F-427D-ABE4-A2D5C784EC65}.Debug|Any CPU.Build.0 = Debug|Any CPU
		{9E81197A-557F-427D-ABE4-A2D5C784EC65}.Release|Any CPU.ActiveCfg = Release|Any CPU
		{9E81197A-557F-427D-ABE4-A2D5C784EC65}.Release|Any CPU.Build.0 = Release|Any CPU
		{E7FA98BA-2BBC-48E1-B9E5-8F83F3F742ED}.Debug|Any CPU.ActiveCfg = Debug|Any CPU
		{E7FA98BA-2BBC-48E1-B9E5-8F83F3F742ED}.Debug|Any CPU.Build.0 = Debug|Any CPU
		{E7FA98BA-2BBC-48E1-B9E5-8F83F3F742ED}.Release|Any CPU.ActiveCfg = Release|Any CPU
		{E7FA98BA-2BBC-48E1-B9E5-8F83F3F742ED}.Release|Any CPU.Build.0 = Release|Any CPU
		{CFF7B5F0-ECB9-4AB3-8174-9454F32B1986}.Debug|Any CPU.ActiveCfg = Debug|Any CPU
		{CFF7B5F0-ECB9-4AB3-8174-9454F32B1986}.Debug|Any CPU.Build.0 = Debug|Any CPU
		{CFF7B5F0-ECB9-4AB3-8174-9454F32B1986}.Release|Any CPU.ActiveCfg = Release|Any CPU
		{CFF7B5F0-ECB9-4AB3-8174-9454F32B1986}.Release|Any CPU.Build.0 = Release|Any CPU
		{13EE5B5D-FEC5-4249-A0E9-207251BBABA0}.Debug|Any CPU.ActiveCfg = Debug|Any CPU
		{13EE5B5D-FEC5-4249-A0E9-207251BBABA0}.Debug|Any CPU.Build.0 = Debug|Any CPU
		{13EE5B5D-FEC5-4249-A0E9-207251BBABA0}.Release|Any CPU.ActiveCfg = Release|Any CPU
		{13EE5B5D-FEC5-4249-A0E9-207251BBABA0}.Release|Any CPU.Build.0 = Release|Any CPU
		{F9F1505E-FC1A-4B29-9BA1-E419078CE1AA}.Debug|Any CPU.ActiveCfg = Debug|Any CPU
		{F9F1505E-FC1A-4B29-9BA1-E419078CE1AA}.Debug|Any CPU.Build.0 = Debug|Any CPU
		{F9F1505E-FC1A-4B29-9BA1-E419078CE1AA}.Release|Any CPU.ActiveCfg = Release|Any CPU
		{F9F1505E-FC1A-4B29-9BA1-E419078CE1AA}.Release|Any CPU.Build.0 = Release|Any CPU
		{A03BC798-996C-4E79-A5A0-7DEA20609B4F}.Debug|Any CPU.ActiveCfg = Debug|Any CPU
		{A03BC798-996C-4E79-A5A0-7DEA20609B4F}.Debug|Any CPU.Build.0 = Debug|Any CPU
		{A03BC798-996C-4E79-A5A0-7DEA20609B4F}.Release|Any CPU.ActiveCfg = Release|Any CPU
		{A03BC798-996C-4E79-A5A0-7DEA20609B4F}.Release|Any CPU.Build.0 = Release|Any CPU
	EndGlobalSection
	GlobalSection(SolutionProperties) = preSolution
		HideSolutionNode = FALSE
	EndGlobalSection
	GlobalSection(NestedProjects) = preSolution
		{BFB322C1-98ED-438A-BA46-5899A69C95FC} = {F6F123B2-94D0-4792-B8C6-A5927DB767D7}
		{DECF5FF8-EDA1-4B91-9A79-11D0293B99DC} = {F6F123B2-94D0-4792-B8C6-A5927DB767D7}
		{BD2039D9-4210-4F28-969D-04FAD7A83BE7} = {F6F123B2-94D0-4792-B8C6-A5927DB767D7}
		{ECC641D6-79F9-4686-A710-11ED2B2ADF12} = {7EF01F7C-F3D3-47B1-A49A-BBB257FED2BD}
		{80DB7486-7A4C-4110-9FE3-C697D1598627} = {7EF01F7C-F3D3-47B1-A49A-BBB257FED2BD}
		{D70B95FA-2307-4CE8-B5DC-F9B5B802711F} = {7EF01F7C-F3D3-47B1-A49A-BBB257FED2BD}
		{4D4A1C8B-1D79-49D1-95BC-954120645892} = {0871C2A5-BE29-4F3C-9E3E-3D9E3161EE85}
		{DAA58EAE-0423-4545-9DB3-71086D84F02E} = {0871C2A5-BE29-4F3C-9E3E-3D9E3161EE85}
		{1391366F-B181-4650-960A-FFF17F232830} = {0871C2A5-BE29-4F3C-9E3E-3D9E3161EE85}
		{1DCBC239-4082-4653-A8AD-D6356E36FF0A} = {105A0BA2-D466-4840-A97D-FD48D34DAF3B}
		{AE95020A-C46E-45CC-A7E8-D2626D2CF0C7} = {105A0BA2-D466-4840-A97D-FD48D34DAF3B}
		{A42FC141-88E6-489F-9A47-FD9A199D8CEC} = {105A0BA2-D466-4840-A97D-FD48D34DAF3B}
		{9E81197A-557F-427D-ABE4-A2D5C784EC65} = {33AB832C-42F2-4959-B799-12656D27DA9D}
		{E7FA98BA-2BBC-48E1-B9E5-8F83F3F742ED} = {33AB832C-42F2-4959-B799-12656D27DA9D}
		{CFF7B5F0-ECB9-4AB3-8174-9454F32B1986} = {33AB832C-42F2-4959-B799-12656D27DA9D}
		{13EE5B5D-FEC5-4249-A0E9-207251BBABA0} = {4B53F1B5-9D1E-41EE-AF1A-0448996D7C5F}
		{F9F1505E-FC1A-4B29-9BA1-E419078CE1AA} = {4B53F1B5-9D1E-41EE-AF1A-0448996D7C5F}
		{A03BC798-996C-4E79-A5A0-7DEA20609B4F} = {4B53F1B5-9D1E-41EE-AF1A-0448996D7C5F}
	EndGlobalSection
	GlobalSection(ExtensibilityGlobals) = postSolution
		SolutionGuid = {9D4665D6-6500-4380-A079-4285337231C7}
	EndGlobalSection
EndGlobal
