
Microsoft Visual Studio Solution File, Format Version 12.00
# Visual Studio Version 16
VisualStudioVersion = 16.0.34031.81
MinimumVisualStudioVersion = 10.0.40219.1
Project("{2150E333-8FDC-42A3-9474-1A3956D46DE8}") = "Task0", "Task0", "{F6F123B2-94D0-4792-B8C6-A5927DB767D7}"
EndProject
Project("{FAE04EC0-301F-11D3-BF4B-00C04F79EFBC}") = "Tyuiu.DudkovIE.Sprint2.Task0.V29", "Tyuiu.DudkovIE.Sprint2.Task0.V29\Tyuiu.DudkovIE.Sprint2.Task0.V29.csproj", "{BFB322C1-98ED-438A-BA46-5899A69C95FC}"
EndProject
Project("{FAE04EC0-301F-11D3-BF4B-00C04F79EFBC}") = "Tyuiu.DudkovIE.Sprint2.Task0.V29.Lib", "Tyuiu.DudkovIE.Sprint2.Task0.V29.Lib\Tyuiu.DudkovIE.Sprint2.Task0.V29.Lib.csproj", "{DECF5FF8-EDA1-4B91-9A79-11D0293B99DC}"
EndProject
Project("{FAE04EC0-301F-11D3-BF4B-00C04F79EFBC}") = "Tyuiu.DudkovIE.Sprint2.Task0.V29.Test", "Tyuiu.DudkovIE.Sprint2.Task0.V29.Test\Tyuiu.DudkovIE.Sprint2.Task0.V29.Test.csproj", "{BD2039D9-4210-4F28-969D-04FAD7A83BE7}"
EndProject
Global
	GlobalSection(SolutionConfigurationPlatforms) = preSolution
		Debug|Any CPU = Debug|Any CPU
		Release|Any CPU = Release|Any CPU
	EndGlobalSection
	GlobalSection(ProjectConfigurationPlatforms) = postSolution
		{BFB322C1-98ED-438A-BA46-5899A69C95FC}.Debug|Any CPU.ActiveCfg = Debug|Any CPU
		{BFB322C1-98ED-438A-BA46-5899A69C95FC}.Debug|Any CPU.Build.0 = Debug|Any CPU
		{BFB322C1-98ED-438A-BA46-5899A69C95FC}.Release|Any CPU.ActiveCfg = Release|Any CPU
		{BFB322C1-98ED-438A-BA46-5899A69C95FC}.Release|Any CPU.Build.0 = Release|Any CPU
		{DECF5FF8-EDA1-4B91-9A79-11D0293B99DC}.Debug|Any CPU.ActiveCfg = Debug|Any CPU
		{DECF5FF8-EDA1-4B91-9A79-11D0293B99DC}.Debug|Any CPU.Build.0 = Debug|Any CPU
		{DECF5FF8-EDA1-4B91-9A79-11D0293B99DC}.Release|Any CPU.ActiveCfg = Release|Any CPU
		{DECF5FF8-EDA1-4B91-9A79-11D0293B99DC}.Release|Any CPU.Build.0 = Release|Any CPU
		{BD2039D9-4210-4F28-969D-04FAD7A83BE7}.Debug|Any CPU.ActiveCfg = Debug|Any CPU
		{BD2039D9-4210-4F28-969D-04FAD7A83BE7}.Debug|Any CPU.Build.0 = Debug|Any CPU
		{BD2039D9-4210-4F28-969D-04FAD7A83BE7}.Release|Any CPU.ActiveCfg = Release|Any CPU
		{BD2039D9-4210-4F28-969D-04FAD7A83BE7}.Release|Any CPU.Build.0 = Release|Any CPU
	EndGlobalSection
	GlobalSection(SolutionProperties) = preSolution
		HideSolutionNode = FALSE
	EndGlobalSection
	GlobalSection(NestedProjects) = preSolution
		{BFB322C1-98ED-438A-BA46-5899A69C95FC} = {F6F123B2-94D0-4792-B8C6-A5927DB767D7}
		{DECF5FF8-EDA1-4B91-9A79-11D0293B99DC} = {F6F123B2-94D0-4792-B8C6-A5927DB767D7}
		{BD2039D9-4210-4F28-969D-04FAD7A83BE7} = {F6F123B2-94D0-4792-B8C6-A5927DB767D7}
	EndGlobalSection
	GlobalSection(ExtensibilityGlobals) = postSolution
		SolutionGuid = {9D4665D6-6500-4380-A079-4285337231C7}
	EndGlobalSection
EndGlobal
